
Microsoft Visual Studio Solution File, Format Version 12.00
# Visual Studio Version 16
VisualStudioVersion = 16.0.31410.357
MinimumVisualStudioVersion = 10.0.40219.1
Project("{FAE04EC0-301F-11D3-BF4B-00C04F79EFBC}") = "Single_Inheritance", "Single_Inheritance\Single_Inheritance.csproj", "{ACC8F3F0-2BEF-4078-BBE7-F8D66DE0E752}"
EndProject
Global
	GlobalSection(SolutionConfigurationPlatforms) = preSolution
		Debug|Any CPU = Debug|Any CPU
		Release|Any CPU = Release|Any CPU
	EndGlobalSection
	GlobalSection(ProjectConfigurationPlatforms) = postSolution
		{ACC8F3F0-2BEF-4078-BBE7-F8D66DE0E752}.Debug|Any CPU.ActiveCfg = Debug|Any CPU
		{ACC8F3F0-2BEF-4078-BBE7-F8D66DE0E752}.Debug|Any CPU.Build.0 = Debug|Any CPU
		{ACC8F3F0-2BEF-4078-BBE7-F8D66DE0E752}.Release|Any CPU.ActiveCfg = Release|Any CPU
		{ACC8F3F0-2BEF-4078-BBE7-F8D66DE0E752}.Release|Any CPU.Build.0 = Release|Any CPU
	EndGlobalSection
	GlobalSection(SolutionProperties) = preSolution
		HideSolutionNode = FALSE
	EndGlobalSection
	GlobalSection(ExtensibilityGlobals) = postSolution
		SolutionGuid = {249B3E77-77DA-4597-95B7-D77A604B7FA6}
	EndGlobalSection
EndGlobal
